
Microsoft Visual Studio Solution File, Format Version 12.00
# Visual Studio Version 17
VisualStudioVersion = 17.1.32104.313
MinimumVisualStudioVersion = 10.0.40219.1
Project("{9A19103F-16F7-4668-BE54-9A1E7A4F7556}") = "Arasaki.Server", "Arasaki\Server\Arasaki.Server.csproj", "{C242FDB4-5D47-4FD4-B244-263CFB7DE658}"
EndProject
Project("{9A19103F-16F7-4668-BE54-9A1E7A4F7556}") = "Arasaki.Client", "Arasaki\Client\Arasaki.Client.csproj", "{5C474F34-4BEB-4DFE-93D3-527FC305ADDE}"
EndProject
Project("{9A19103F-16F7-4668-BE54-9A1E7A4F7556}") = "Arasaki.Shared", "Arasaki\Shared\Arasaki.Shared.csproj", "{8B04EE73-495C-48ED-9076-6ACA9F33F77D}"
EndProject
Project("{2150E333-8FDC-42A3-9474-1A3956D46DE8}") = "Git", "Git", "{AE1165D5-9EC2-43B3-BC1E-F21EEEAA7553}"
	ProjectSection(SolutionItems) = preProject
		.gitattributes = .gitattributes
		.gitignore = .gitignore
		.gitmodules = .gitmodules
		README.md = README.md
	EndProjectSection
EndProject
Project("{2150E333-8FDC-42A3-9474-1A3956D46DE8}") = "Bundler", "Bundler", "{CC6BCFCE-65E9-40E3-B12E-ED2C6E91485C}"
	ProjectSection(SolutionItems) = preProject
		Bundler\arasaki-cache.json = Bundler\arasaki-cache.json
		Bundler\bundle_debug.cmd = Bundler\bundle_debug.cmd
		Bundler\bundle_install.cmd = Bundler\bundle_install.cmd
		Bundler\bundle_release.cmd = Bundler\bundle_release.cmd
		Bundler\bundler.js = Bundler\bundler.js
		Bundler\clear_wwwroot.cmd = Bundler\clear_wwwroot.cmd
		Bundler\package-lock.json = Bundler\package-lock.json
		Bundler\package.json = Bundler\package.json
	EndProjectSection
EndProject
Project("{2150E333-8FDC-42A3-9474-1A3956D46DE8}") = "Actions", "Actions", "{96A7B529-E996-4D7A-BFBD-F9639447955D}"
	ProjectSection(SolutionItems) = preProject
		.github\workflows\Arasaki-App-Server.yml = .github\workflows\Arasaki-App-Server.yml
	EndProjectSection
EndProject
Project("{2150E333-8FDC-42A3-9474-1A3956D46DE8}") = "Solution Items", "Solution Items", "{CE770B9D-3C74-4D18-B4F5-4953FF824615}"
	ProjectSection(SolutionItems) = preProject
		.editorconfig = .editorconfig
		setup.cmd = setup.cmd
	EndProjectSection
EndProject
Global
	GlobalSection(SolutionConfigurationPlatforms) = preSolution
		Debug|Any CPU = Debug|Any CPU
		Release|Any CPU = Release|Any CPU
	EndGlobalSection
	GlobalSection(ProjectConfigurationPlatforms) = postSolution
		{C242FDB4-5D47-4FD4-B244-263CFB7DE658}.Debug|Any CPU.ActiveCfg = Debug|Any CPU
		{C242FDB4-5D47-4FD4-B244-263CFB7DE658}.Debug|Any CPU.Build.0 = Debug|Any CPU
		{C242FDB4-5D47-4FD4-B244-263CFB7DE658}.Release|Any CPU.ActiveCfg = Release|Any CPU
		{C242FDB4-5D47-4FD4-B244-263CFB7DE658}.Release|Any CPU.Build.0 = Release|Any CPU
		{5C474F34-4BEB-4DFE-93D3-527FC305ADDE}.Debug|Any CPU.ActiveCfg = Debug|Any CPU
		{5C474F34-4BEB-4DFE-93D3-527FC305ADDE}.Debug|Any CPU.Build.0 = Debug|Any CPU
		{5C474F34-4BEB-4DFE-93D3-527FC305ADDE}.Release|Any CPU.ActiveCfg = Release|Any CPU
		{5C474F34-4BEB-4DFE-93D3-527FC305ADDE}.Release|Any CPU.Build.0 = Release|Any CPU
		{8B04EE73-495C-48ED-9076-6ACA9F33F77D}.Debug|Any CPU.ActiveCfg = Debug|Any CPU
		{8B04EE73-495C-48ED-9076-6ACA9F33F77D}.Debug|Any CPU.Build.0 = Debug|Any CPU
		{8B04EE73-495C-48ED-9076-6ACA9F33F77D}.Release|Any CPU.ActiveCfg = Release|Any CPU
		{8B04EE73-495C-48ED-9076-6ACA9F33F77D}.Release|Any CPU.Build.0 = Release|Any CPU
	EndGlobalSection
	GlobalSection(SolutionProperties) = preSolution
		HideSolutionNode = FALSE
	EndGlobalSection
	GlobalSection(NestedProjects) = preSolution
		{96A7B529-E996-4D7A-BFBD-F9639447955D} = {AE1165D5-9EC2-43B3-BC1E-F21EEEAA7553}
	EndGlobalSection
	GlobalSection(ExtensibilityGlobals) = postSolution
		SolutionGuid = {C935696C-4354-492A-BC53-D156A2AA0100}
	EndGlobalSection
EndGlobal
